// !$*UTF8*$!
{
	archiveVersion = 1;
	classes = {
	};
	objectVersion = 46;
	objects = {

/* Begin PBXBuildFile section */
		5C3D6C991D6D9C2600470F9F /* RFCommentCell.swift in Sources */ = {isa = PBXBuildFile; fileRef = 5C3D6C971D6D9C2600470F9F /* RFCommentCell.swift */; };
		5C3D6C9A1D6D9C2600470F9F /* RFCommentCell.xib in Resources */ = {isa = PBXBuildFile; fileRef = 5C3D6C981D6D9C2600470F9F /* RFCommentCell.xib */; };
		5C407B931D5DB51400741154 /* AppDelegate.swift in Sources */ = {isa = PBXBuildFile; fileRef = 5C407B921D5DB51400741154 /* AppDelegate.swift */; };
		5C407B951D5DB51400741154 /* ViewController.swift in Sources */ = {isa = PBXBuildFile; fileRef = 5C407B941D5DB51400741154 /* ViewController.swift */; };
		5C407B981D5DB51400741154 /* Main.storyboard in Resources */ = {isa = PBXBuildFile; fileRef = 5C407B961D5DB51400741154 /* Main.storyboard */; };
		5C407B9A1D5DB51400741154 /* Assets.xcassets in Resources */ = {isa = PBXBuildFile; fileRef = 5C407B991D5DB51400741154 /* Assets.xcassets */; };
		5C407B9D1D5DB51400741154 /* LaunchScreen.storyboard in Resources */ = {isa = PBXBuildFile; fileRef = 5C407B9B1D5DB51400741154 /* LaunchScreen.storyboard */; };
		5C407BA81D5DB51400741154 /* DanTangSwiftTests.swift in Sources */ = {isa = PBXBuildFile; fileRef = 5C407BA71D5DB51400741154 /* DanTangSwiftTests.swift */; };
		5C407BB31D5DB51400741154 /* DanTangSwiftUITests.swift in Sources */ = {isa = PBXBuildFile; fileRef = 5C407BB21D5DB51400741154 /* DanTangSwiftUITests.swift */; };
		5C447AD01D76CF6100FA441E /* RFMineHeaderView.swift in Sources */ = {isa = PBXBuildFile; fileRef = 5C447ACF1D76CF6100FA441E /* RFMineHeaderView.swift */; };
		5C44E0B91D5DB9580081B0DD /* RFCategoryViewController.swift in Sources */ = {isa = PBXBuildFile; fileRef = 5C44E09F1D5DB9580081B0DD /* RFCategoryViewController.swift */; };
		5C44E0BA1D5DB9580081B0DD /* RFDanTangViewController.swift in Sources */ = {isa = PBXBuildFile; fileRef = 5C44E0A41D5DB9580081B0DD /* RFDanTangViewController.swift */; };
		5C44E0BB1D5DB9580081B0DD /* RFBaseViewController.swift in Sources */ = {isa = PBXBuildFile; fileRef = 5C44E0AA1D5DB9580081B0DD /* RFBaseViewController.swift */; };
		5C44E0BC1D5DB9580081B0DD /* RFNavigationController.swift in Sources */ = {isa = PBXBuildFile; fileRef = 5C44E0AB1D5DB9580081B0DD /* RFNavigationController.swift */; };
		5C44E0BD1D5DB9580081B0DD /* RFTabBarController.swift in Sources */ = {isa = PBXBuildFile; fileRef = 5C44E0AC1D5DB9580081B0DD /* RFTabBarController.swift */; };
		5C44E0BE1D5DB9580081B0DD /* RFConst.swift in Sources */ = {isa = PBXBuildFile; fileRef = 5C44E0AE1D5DB9580081B0DD /* RFConst.swift */; };
		5C44E0BF1D5DB9580081B0DD /* RFMeViewController.swift in Sources */ = {isa = PBXBuildFile; fileRef = 5C44E0B11D5DB9580081B0DD /* RFMeViewController.swift */; };
		5C44E0C01D5DB9580081B0DD /* RFProductViewController.swift in Sources */ = {isa = PBXBuildFile; fileRef = 5C44E0B61D5DB9580081B0DD /* RFProductViewController.swift */; };
		5C44E0C21D5DC5CC0081B0DD /* RFNetworkTool.swift in Sources */ = {isa = PBXBuildFile; fileRef = 5C44E0C11D5DC5CC0081B0DD /* RFNetworkTool.swift */; };
		5C44E0C41D5DC7200081B0DD /* RFChannel.swift in Sources */ = {isa = PBXBuildFile; fileRef = 5C44E0C31D5DC7200081B0DD /* RFChannel.swift */; };
		5C52E8201D645CE3007C1AC2 /* RFDetailViewController.swift in Sources */ = {isa = PBXBuildFile; fileRef = 5C52E81F1D645CE3007C1AC2 /* RFDetailViewController.swift */; };
		5C52E8221D646255007C1AC2 /* RFSearchViewController.swift in Sources */ = {isa = PBXBuildFile; fileRef = 5C52E8211D646255007C1AC2 /* RFSearchViewController.swift */; };
		5C52E8241D64636D007C1AC2 /* RFSearchResult.swift in Sources */ = {isa = PBXBuildFile; fileRef = 5C52E8231D64636D007C1AC2 /* RFSearchResult.swift */; };
		5C52E8261D647158007C1AC2 /* RFSearchRecordView.swift in Sources */ = {isa = PBXBuildFile; fileRef = 5C52E8251D647158007C1AC2 /* RFSearchRecordView.swift */; };
		5C565B021D6FE84000E729A6 /* RFSeeAllController.swift in Sources */ = {isa = PBXBuildFile; fileRef = 5C565B001D6FE84000E729A6 /* RFSeeAllController.swift */; };
		5C565B031D6FE84000E729A6 /* RFSeeAllController.xib in Resources */ = {isa = PBXBuildFile; fileRef = 5C565B011D6FE84000E729A6 /* RFSeeAllController.xib */; };
		5C565B061D6FE8F100E729A6 /* RFSeeAllTopicCell.swift in Sources */ = {isa = PBXBuildFile; fileRef = 5C565B041D6FE8F100E729A6 /* RFSeeAllTopicCell.swift */; };
		5C565B071D6FE8F100E729A6 /* RFSeeAllTopicCell.xib in Resources */ = {isa = PBXBuildFile; fileRef = 5C565B051D6FE8F100E729A6 /* RFSeeAllTopicCell.xib */; };
		5C5C79B31D6E8B2000D62726 /* RFProductDetailToolBar.swift in Sources */ = {isa = PBXBuildFile; fileRef = 5C5C79B21D6E8B2000D62726 /* RFProductDetailToolBar.swift */; };
		5C5C79B51D6E8B3500D62726 /* RFProductDetailToolBar.xib in Resources */ = {isa = PBXBuildFile; fileRef = 5C5C79B41D6E8B3500D62726 /* RFProductDetailToolBar.xib */; };
		5C5C79B71D6EEF3900D62726 /* RFCategoryHeaderViewController.swift in Sources */ = {isa = PBXBuildFile; fileRef = 5C5C79B61D6EEF3900D62726 /* RFCategoryHeaderViewController.swift */; };
		5C5C79B91D6EEF6900D62726 /* RFCollection.swift in Sources */ = {isa = PBXBuildFile; fileRef = 5C5C79B81D6EEF6900D62726 /* RFCollection.swift */; };
		5C5C79BB1D6EF06100D62726 /* RFTopHeaderView.swift in Sources */ = {isa = PBXBuildFile; fileRef = 5C5C79BA1D6EF06100D62726 /* RFTopHeaderView.swift */; };
		5C5C79BD1D6EF06E00D62726 /* RFTopHeaderView.xib in Resources */ = {isa = PBXBuildFile; fileRef = 5C5C79BC1D6EF06E00D62726 /* RFTopHeaderView.xib */; };
		5C5C7ADA1D752CDF00124DE3 /* RFGroup.swift in Sources */ = {isa = PBXBuildFile; fileRef = 5C5C7AD91D752CDF00124DE3 /* RFGroup.swift */; };
		5C5C7ADD1D75314100124DE3 /* RFPostDetailViewController.swift in Sources */ = {isa = PBXBuildFile; fileRef = 5C5C7ADB1D75314100124DE3 /* RFPostDetailViewController.swift */; };
		5C5C7AE11D755D2B00124DE3 /* RFCategoryCollectionViewCell.swift in Sources */ = {isa = PBXBuildFile; fileRef = 5C5C7ADF1D755D2B00124DE3 /* RFCategoryCollectionViewCell.swift */; };
		5C5C7AE21D755D2B00124DE3 /* RFCategoryCollectionViewCell.xib in Resources */ = {isa = PBXBuildFile; fileRef = 5C5C7AE01D755D2B00124DE3 /* RFCategoryCollectionViewCell.xib */; };
		5C5C7AE41D75632000124DE3 /* RFCategoryBottomView.swift in Sources */ = {isa = PBXBuildFile; fileRef = 5C5C7AE31D75632000124DE3 /* RFCategoryBottomView.swift */; };
		5C5C7AE61D75656E00124DE3 /* RFVerticalButton.swift in Sources */ = {isa = PBXBuildFile; fileRef = 5C5C7AE51D75656E00124DE3 /* RFVerticalButton.swift */; };
		5C5D238C1D6ACB5500B79329 /* RFRefreshControl.swift in Sources */ = {isa = PBXBuildFile; fileRef = 5C5D238B1D6ACB5500B79329 /* RFRefreshControl.swift */; };
		5C5D238E1D6AD20800B79329 /* RFRefreshView.swift in Sources */ = {isa = PBXBuildFile; fileRef = 5C5D238D1D6AD20800B79329 /* RFRefreshView.swift */; };
		5C5D23901D6AD23E00B79329 /* RFRefreshView.xib in Resources */ = {isa = PBXBuildFile; fileRef = 5C5D238F1D6AD23E00B79329 /* RFRefreshView.xib */; };
		5C5D23921D6AF4F800B79329 /* RFProductDetailViewController.swift in Sources */ = {isa = PBXBuildFile; fileRef = 5C5D23911D6AF4F800B79329 /* RFProductDetailViewController.swift */; };
		5C5D23951D6AF52100B79329 /* RFTMALLViewController.swift in Sources */ = {isa = PBXBuildFile; fileRef = 5C5D23931D6AF52100B79329 /* RFTMALLViewController.swift */; };
		5C5D23981D6AF89300B79329 /* RFDetailScrollView.swift in Sources */ = {isa = PBXBuildFile; fileRef = 5C5D23971D6AF89300B79329 /* RFDetailScrollView.swift */; };
		5C6220E11D61B1A100ECA63C /* RFTopicViewController.swift in Sources */ = {isa = PBXBuildFile; fileRef = 5C6220E01D61B1A100ECA63C /* RFTopicViewController.swift */; };
		5C6220E31D61B28000ECA63C /* RFHomeItem.swift in Sources */ = {isa = PBXBuildFile; fileRef = 5C6220E21D61B28000ECA63C /* RFHomeItem.swift */; };
		5C6220E91D61BB5C00ECA63C /* UIView+Add.swift in Sources */ = {isa = PBXBuildFile; fileRef = 5C6220E81D61BB5C00ECA63C /* UIView+Add.swift */; };
		5C62A15A1D66B0F000D53BAD /* RFCollectionViewCell.swift in Sources */ = {isa = PBXBuildFile; fileRef = 5C62A1581D66B0F000D53BAD /* RFCollectionViewCell.swift */; };
		5C62A15B1D66B0F000D53BAD /* RFCollectionViewCell.xib in Resources */ = {isa = PBXBuildFile; fileRef = 5C62A1591D66B0F000D53BAD /* RFCollectionViewCell.xib */; };
		5C62A15D1D66D7DD00D53BAD /* RFProduct.swift in Sources */ = {isa = PBXBuildFile; fileRef = 5C62A15C1D66D7DD00D53BAD /* RFProduct.swift */; };
		5C62A1641D66E01E00D53BAD /* RFLoginViewController.swift in Sources */ = {isa = PBXBuildFile; fileRef = 5C62A1621D66E01E00D53BAD /* RFLoginViewController.swift */; };
		5C62A1651D66E01E00D53BAD /* RFLoginViewController.xib in Resources */ = {isa = PBXBuildFile; fileRef = 5C62A1631D66E01E00D53BAD /* RFLoginViewController.xib */; };
		5C62A1671D66F44800D53BAD /* RFSortTableView.swift in Sources */ = {isa = PBXBuildFile; fileRef = 5C62A1661D66F44800D53BAD /* RFSortTableView.swift */; };
		5C62A16A1D66F85400D53BAD /* RFSortCell.swift in Sources */ = {isa = PBXBuildFile; fileRef = 5C62A1681D66F85400D53BAD /* RFSortCell.swift */; };
		5C62A16B1D66F85400D53BAD /* RFSortCell.xib in Resources */ = {isa = PBXBuildFile; fileRef = 5C62A1691D66F85400D53BAD /* RFSortCell.xib */; };
		5C67C59A1D6C2A4600FBDC3A /* RFProductDetailTopView.swift in Sources */ = {isa = PBXBuildFile; fileRef = 5C67C5991D6C2A4600FBDC3A /* RFProductDetailTopView.swift */; };
		5C67C59D1D6C2D1A00FBDC3A /* RFDetailCollectionViewCell.swift in Sources */ = {isa = PBXBuildFile; fileRef = 5C67C59B1D6C2D1A00FBDC3A /* RFDetailCollectionViewCell.swift */; };
		5C67C59E1D6C2D1A00FBDC3A /* RFDetailCollectionViewCell.xib in Resources */ = {isa = PBXBuildFile; fileRef = 5C67C59C1D6C2D1A00FBDC3A /* RFDetailCollectionViewCell.xib */; };
		5C67C5A01D6C40A500FBDC3A /* RFProdectDetailBottomView.swift in Sources */ = {isa = PBXBuildFile; fileRef = 5C67C59F1D6C40A500FBDC3A /* RFProdectDetailBottomView.swift */; };
		5C67C5A21D6C423C00FBDC3A /* RFComment.swift in Sources */ = {isa = PBXBuildFile; fileRef = 5C67C5A11D6C423C00FBDC3A /* RFComment.swift */; };
		5C67C5A41D6C432F00FBDC3A /* RFProductDetail.swift in Sources */ = {isa = PBXBuildFile; fileRef = 5C67C5A31D6C432F00FBDC3A /* RFProductDetail.swift */; };
		5C67C5A61D6C47E300FBDC3A /* RFDetailChoiceButtonView.swift in Sources */ = {isa = PBXBuildFile; fileRef = 5C67C5A51D6C47E300FBDC3A /* RFDetailChoiceButtonView.swift */; };
		5C67C5A81D6C47FB00FBDC3A /* RFDetailChoiceButtonView.xib in Resources */ = {isa = PBXBuildFile; fileRef = 5C67C5A71D6C47FB00FBDC3A /* RFDetailChoiceButtonView.xib */; };
		5C6B78991D79263F0016943B /* RFMeChoiceView.swift in Sources */ = {isa = PBXBuildFile; fileRef = 5C6B78981D79263F0016943B /* RFMeChoiceView.swift */; };
		5C6B789B1D792CBA0016943B /* RFMessageViewController.swift in Sources */ = {isa = PBXBuildFile; fileRef = 5C6B789A1D792CBA0016943B /* RFMessageViewController.swift */; };
		5C6B789D1D792DE50016943B /* RFSettingViewController.swift in Sources */ = {isa = PBXBuildFile; fileRef = 5C6B789C1D792DE50016943B /* RFSettingViewController.swift */; };
		5C6B789F1D7964350016943B /* SettingCell.plist in Resources */ = {isa = PBXBuildFile; fileRef = 5C6B789E1D7964350016943B /* SettingCell.plist */; };
		5C6B78A11D79654A0016943B /* RFSetting.swift in Sources */ = {isa = PBXBuildFile; fileRef = 5C6B78A01D79654A0016943B /* RFSetting.swift */; };
		5C6B78A41D7966220016943B /* RFSettingCell.swift in Sources */ = {isa = PBXBuildFile; fileRef = 5C6B78A21D7966220016943B /* RFSettingCell.swift */; };
		5C6B78A51D7966220016943B /* RFSettingCell.xib in Resources */ = {isa = PBXBuildFile; fileRef = 5C6B78A31D7966220016943B /* RFSettingCell.xib */; };
		5C6B78A71D796D220016943B /* RFMeFooterView.swift in Sources */ = {isa = PBXBuildFile; fileRef = 5C6B78A61D796D220016943B /* RFMeFooterView.swift */; };
		5C794A421D74378C00AA89C0 /* RFCollectionDetailController.swift in Sources */ = {isa = PBXBuildFile; fileRef = 5C794A401D74378C00AA89C0 /* RFCollectionDetailController.swift */; };
		5C794A431D74378C00AA89C0 /* RFCollectionDetailController.xib in Resources */ = {isa = PBXBuildFile; fileRef = 5C794A411D74378C00AA89C0 /* RFCollectionDetailController.xib */; };
		5C794A451D74385300AA89C0 /* RFCollectionPost.swift in Sources */ = {isa = PBXBuildFile; fileRef = 5C794A441D74385300AA89C0 /* RFCollectionPost.swift */; };
		5C794A481D743AD900AA89C0 /* RFCollectionTableViewCell.swift in Sources */ = {isa = PBXBuildFile; fileRef = 5C794A461D743AD900AA89C0 /* RFCollectionTableViewCell.swift */; };
		5C794A491D743AD900AA89C0 /* RFCollectionTableViewCell.xib in Resources */ = {isa = PBXBuildFile; fileRef = 5C794A471D743AD900AA89C0 /* RFCollectionTableViewCell.xib */; };
		5C8280A81D7D0A4A00F94AF8 /* RFRegisterViewController.swift in Sources */ = {isa = PBXBuildFile; fileRef = 5C8280A61D7D0A4A00F94AF8 /* RFRegisterViewController.swift */; };
		5C8280A91D7D0A4A00F94AF8 /* RFRegisterViewController.xib in Resources */ = {isa = PBXBuildFile; fileRef = 5C8280A71D7D0A4A00F94AF8 /* RFRegisterViewController.xib */; };
		5C907E511D62EEF400FBF5F9 /* RFHomeCell.swift in Sources */ = {isa = PBXBuildFile; fileRef = 5C907E4F1D62EEF400FBF5F9 /* RFHomeCell.swift */; };
		5C907E521D62EEF400FBF5F9 /* RFHomeCell.xib in Resources */ = {isa = PBXBuildFile; fileRef = 5C907E501D62EEF400FBF5F9 /* RFHomeCell.xib */; };
		6BF6832C46665408CACD03BB /* Pods_DanTangSwift.framework in Frameworks */ = {isa = PBXBuildFile; fileRef = 4F46882E26C1E815E30FDB0E /* Pods_DanTangSwift.framework */; };
/* End PBXBuildFile section */

/* Begin PBXContainerItemProxy section */
		5C407BA41D5DB51400741154 /* PBXContainerItemProxy */ = {
			isa = PBXContainerItemProxy;
			containerPortal = 5C407B871D5DB51400741154 /* Project object */;
			proxyType = 1;
			remoteGlobalIDString = 5C407B8E1D5DB51400741154;
			remoteInfo = DanTangSwift;
		};
		5C407BAF1D5DB51400741154 /* PBXContainerItemProxy */ = {
			isa = PBXContainerItemProxy;
			containerPortal = 5C407B871D5DB51400741154 /* Project object */;
			proxyType = 1;
			remoteGlobalIDString = 5C407B8E1D5DB51400741154;
			remoteInfo = DanTangSwift;
		};
/* End PBXContainerItemProxy section */

/* Begin PBXFileReference section */
		4F46882E26C1E815E30FDB0E /* Pods_DanTangSwift.framework */ = {isa = PBXFileReference; explicitFileType = wrapper.framework; includeInIndex = 0; path = Pods_DanTangSwift.framework; sourceTree = BUILT_PRODUCTS_DIR; };
		5C3D6C971D6D9C2600470F9F /* RFCommentCell.swift */ = {isa = PBXFileReference; fileEncoding = 4; lastKnownFileType = sourcecode.swift; path = RFCommentCell.swift; sourceTree = "<group>"; };
		5C3D6C981D6D9C2600470F9F /* RFCommentCell.xib */ = {isa = PBXFileReference; fileEncoding = 4; lastKnownFileType = file.xib; path = RFCommentCell.xib; sourceTree = "<group>"; };
		5C407B8F1D5DB51400741154 /* DanTangSwift.app */ = {isa = PBXFileReference; explicitFileType = wrapper.application; includeInIndex = 0; path = DanTangSwift.app; sourceTree = BUILT_PRODUCTS_DIR; };
		5C407B921D5DB51400741154 /* AppDelegate.swift */ = {isa = PBXFileReference; lastKnownFileType = sourcecode.swift; path = AppDelegate.swift; sourceTree = "<group>"; };
		5C407B941D5DB51400741154 /* ViewController.swift */ = {isa = PBXFileReference; lastKnownFileType = sourcecode.swift; path = ViewController.swift; sourceTree = "<group>"; };
		5C407B971D5DB51400741154 /* Base */ = {isa = PBXFileReference; lastKnownFileType = file.storyboard; name = Base; path = Base.lproj/Main.storyboard; sourceTree = "<group>"; };
		5C407B991D5DB51400741154 /* Assets.xcassets */ = {isa = PBXFileReference; lastKnownFileType = folder.assetcatalog; path = Assets.xcassets; sourceTree = "<group>"; };
		5C407B9C1D5DB51400741154 /* Base */ = {isa = PBXFileReference; lastKnownFileType = file.storyboard; name = Base; path = Base.lproj/LaunchScreen.storyboard; sourceTree = "<group>"; };
		5C407B9E1D5DB51400741154 /* Info.plist */ = {isa = PBXFileReference; lastKnownFileType = text.plist.xml; path = Info.plist; sourceTree = "<group>"; };
		5C407BA31D5DB51400741154 /* DanTangSwiftTests.xctest */ = {isa = PBXFileReference; explicitFileType = wrapper.cfbundle; includeInIndex = 0; path = DanTangSwiftTests.xctest; sourceTree = BUILT_PRODUCTS_DIR; };
		5C407BA71D5DB51400741154 /* DanTangSwiftTests.swift */ = {isa = PBXFileReference; lastKnownFileType = sourcecode.swift; path = DanTangSwiftTests.swift; sourceTree = "<group>"; };
		5C407BA91D5DB51400741154 /* Info.plist */ = {isa = PBXFileReference; lastKnownFileType = text.plist.xml; path = Info.plist; sourceTree = "<group>"; };
		5C407BAE1D5DB51400741154 /* DanTangSwiftUITests.xctest */ = {isa = PBXFileReference; explicitFileType = wrapper.cfbundle; includeInIndex = 0; path = DanTangSwiftUITests.xctest; sourceTree = BUILT_PRODUCTS_DIR; };
		5C407BB21D5DB51400741154 /* DanTangSwiftUITests.swift */ = {isa = PBXFileReference; lastKnownFileType = sourcecode.swift; path = DanTangSwiftUITests.swift; sourceTree = "<group>"; };
		5C407BB41D5DB51400741154 /* Info.plist */ = {isa = PBXFileReference; lastKnownFileType = text.plist.xml; path = Info.plist; sourceTree = "<group>"; };
		5C447ACF1D76CF6100FA441E /* RFMineHeaderView.swift */ = {isa = PBXFileReference; fileEncoding = 4; lastKnownFileType = sourcecode.swift; path = RFMineHeaderView.swift; sourceTree = "<group>"; };
		5C44E09F1D5DB9580081B0DD /* RFCategoryViewController.swift */ = {isa = PBXFileReference; fileEncoding = 4; lastKnownFileType = sourcecode.swift; path = RFCategoryViewController.swift; sourceTree = "<group>"; };
		5C44E0A41D5DB9580081B0DD /* RFDanTangViewController.swift */ = {isa = PBXFileReference; fileEncoding = 4; lastKnownFileType = sourcecode.swift; path = RFDanTangViewController.swift; sourceTree = "<group>"; };
		5C44E0AA1D5DB9580081B0DD /* RFBaseViewController.swift */ = {isa = PBXFileReference; fileEncoding = 4; lastKnownFileType = sourcecode.swift; path = RFBaseViewController.swift; sourceTree = "<group>"; };
		5C44E0AB1D5DB9580081B0DD /* RFNavigationController.swift */ = {isa = PBXFileReference; fileEncoding = 4; lastKnownFileType = sourcecode.swift; path = RFNavigationController.swift; sourceTree = "<group>"; };
		5C44E0AC1D5DB9580081B0DD /* RFTabBarController.swift */ = {isa = PBXFileReference; fileEncoding = 4; lastKnownFileType = sourcecode.swift; path = RFTabBarController.swift; sourceTree = "<group>"; };
		5C44E0AE1D5DB9580081B0DD /* RFConst.swift */ = {isa = PBXFileReference; fileEncoding = 4; lastKnownFileType = sourcecode.swift; path = RFConst.swift; sourceTree = "<group>"; };
		5C44E0B11D5DB9580081B0DD /* RFMeViewController.swift */ = {isa = PBXFileReference; fileEncoding = 4; lastKnownFileType = sourcecode.swift; path = RFMeViewController.swift; sourceTree = "<group>"; };
		5C44E0B61D5DB9580081B0DD /* RFProductViewController.swift */ = {isa = PBXFileReference; fileEncoding = 4; lastKnownFileType = sourcecode.swift; path = RFProductViewController.swift; sourceTree = "<group>"; };
		5C44E0C11D5DC5CC0081B0DD /* RFNetworkTool.swift */ = {isa = PBXFileReference; fileEncoding = 4; lastKnownFileType = sourcecode.swift; path = RFNetworkTool.swift; sourceTree = "<group>"; };
		5C44E0C31D5DC7200081B0DD /* RFChannel.swift */ = {isa = PBXFileReference; fileEncoding = 4; lastKnownFileType = sourcecode.swift; path = RFChannel.swift; sourceTree = "<group>"; };
		5C52E81F1D645CE3007C1AC2 /* RFDetailViewController.swift */ = {isa = PBXFileReference; fileEncoding = 4; lastKnownFileType = sourcecode.swift; path = RFDetailViewController.swift; sourceTree = "<group>"; };
		5C52E8211D646255007C1AC2 /* RFSearchViewController.swift */ = {isa = PBXFileReference; fileEncoding = 4; lastKnownFileType = sourcecode.swift; path = RFSearchViewController.swift; sourceTree = "<group>"; };
		5C52E8231D64636D007C1AC2 /* RFSearchResult.swift */ = {isa = PBXFileReference; fileEncoding = 4; lastKnownFileType = sourcecode.swift; path = RFSearchResult.swift; sourceTree = "<group>"; };
		5C52E8251D647158007C1AC2 /* RFSearchRecordView.swift */ = {isa = PBXFileReference; fileEncoding = 4; lastKnownFileType = sourcecode.swift; path = RFSearchRecordView.swift; sourceTree = "<group>"; };
		5C565B001D6FE84000E729A6 /* RFSeeAllController.swift */ = {isa = PBXFileReference; fileEncoding = 4; lastKnownFileType = sourcecode.swift; path = RFSeeAllController.swift; sourceTree = "<group>"; };
		5C565B011D6FE84000E729A6 /* RFSeeAllController.xib */ = {isa = PBXFileReference; fileEncoding = 4; lastKnownFileType = file.xib; path = RFSeeAllController.xib; sourceTree = "<group>"; };
		5C565B041D6FE8F100E729A6 /* RFSeeAllTopicCell.swift */ = {isa = PBXFileReference; fileEncoding = 4; lastKnownFileType = sourcecode.swift; path = RFSeeAllTopicCell.swift; sourceTree = "<group>"; };
		5C565B051D6FE8F100E729A6 /* RFSeeAllTopicCell.xib */ = {isa = PBXFileReference; fileEncoding = 4; lastKnownFileType = file.xib; path = RFSeeAllTopicCell.xib; sourceTree = "<group>"; };
		5C5C79B21D6E8B2000D62726 /* RFProductDetailToolBar.swift */ = {isa = PBXFileReference; fileEncoding = 4; lastKnownFileType = sourcecode.swift; path = RFProductDetailToolBar.swift; sourceTree = "<group>"; };
		5C5C79B41D6E8B3500D62726 /* RFProductDetailToolBar.xib */ = {isa = PBXFileReference; fileEncoding = 4; lastKnownFileType = file.xib; path = RFProductDetailToolBar.xib; sourceTree = "<group>"; };
		5C5C79B61D6EEF3900D62726 /* RFCategoryHeaderViewController.swift */ = {isa = PBXFileReference; fileEncoding = 4; lastKnownFileType = sourcecode.swift; path = RFCategoryHeaderViewController.swift; sourceTree = "<group>"; };
		5C5C79B81D6EEF6900D62726 /* RFCollection.swift */ = {isa = PBXFileReference; fileEncoding = 4; lastKnownFileType = sourcecode.swift; path = RFCollection.swift; sourceTree = "<group>"; };
		5C5C79BA1D6EF06100D62726 /* RFTopHeaderView.swift */ = {isa = PBXFileReference; fileEncoding = 4; lastKnownFileType = sourcecode.swift; path = RFTopHeaderView.swift; sourceTree = "<group>"; };
		5C5C79BC1D6EF06E00D62726 /* RFTopHeaderView.xib */ = {isa = PBXFileReference; fileEncoding = 4; lastKnownFileType = file.xib; path = RFTopHeaderView.xib; sourceTree = "<group>"; };
		5C5C7AD91D752CDF00124DE3 /* RFGroup.swift */ = {isa = PBXFileReference; fileEncoding = 4; lastKnownFileType = sourcecode.swift; path = RFGroup.swift; sourceTree = "<group>"; };
		5C5C7ADB1D75314100124DE3 /* RFPostDetailViewController.swift */ = {isa = PBXFileReference; fileEncoding = 4; lastKnownFileType = sourcecode.swift; path = RFPostDetailViewController.swift; sourceTree = "<group>"; };
		5C5C7ADF1D755D2B00124DE3 /* RFCategoryCollectionViewCell.swift */ = {isa = PBXFileReference; fileEncoding = 4; lastKnownFileType = sourcecode.swift; path = RFCategoryCollectionViewCell.swift; sourceTree = "<group>"; };
		5C5C7AE01D755D2B00124DE3 /* RFCategoryCollectionViewCell.xib */ = {isa = PBXFileReference; fileEncoding = 4; lastKnownFileType = file.xib; path = RFCategoryCollectionViewCell.xib; sourceTree = "<group>"; };
		5C5C7AE31D75632000124DE3 /* RFCategoryBottomView.swift */ = {isa = PBXFileReference; fileEncoding = 4; lastKnownFileType = sourcecode.swift; path = RFCategoryBottomView.swift; sourceTree = "<group>"; };
		5C5C7AE51D75656E00124DE3 /* RFVerticalButton.swift */ = {isa = PBXFileReference; fileEncoding = 4; lastKnownFileType = sourcecode.swift; path = RFVerticalButton.swift; sourceTree = "<group>"; };
		5C5D238B1D6ACB5500B79329 /* RFRefreshControl.swift */ = {isa = PBXFileReference; fileEncoding = 4; lastKnownFileType = sourcecode.swift; path = RFRefreshControl.swift; sourceTree = "<group>"; };
		5C5D238D1D6AD20800B79329 /* RFRefreshView.swift */ = {isa = PBXFileReference; fileEncoding = 4; lastKnownFileType = sourcecode.swift; path = RFRefreshView.swift; sourceTree = "<group>"; };
		5C5D238F1D6AD23E00B79329 /* RFRefreshView.xib */ = {isa = PBXFileReference; fileEncoding = 4; lastKnownFileType = file.xib; path = RFRefreshView.xib; sourceTree = "<group>"; };
		5C5D23911D6AF4F800B79329 /* RFProductDetailViewController.swift */ = {isa = PBXFileReference; fileEncoding = 4; lastKnownFileType = sourcecode.swift; path = RFProductDetailViewController.swift; sourceTree = "<group>"; };
		5C5D23931D6AF52100B79329 /* RFTMALLViewController.swift */ = {isa = PBXFileReference; fileEncoding = 4; lastKnownFileType = sourcecode.swift; path = RFTMALLViewController.swift; sourceTree = "<group>"; };
		5C5D23971D6AF89300B79329 /* RFDetailScrollView.swift */ = {isa = PBXFileReference; fileEncoding = 4; lastKnownFileType = sourcecode.swift; path = RFDetailScrollView.swift; sourceTree = "<group>"; };
		5C6220E01D61B1A100ECA63C /* RFTopicViewController.swift */ = {isa = PBXFileReference; fileEncoding = 4; lastKnownFileType = sourcecode.swift; path = RFTopicViewController.swift; sourceTree = "<group>"; };
		5C6220E21D61B28000ECA63C /* RFHomeItem.swift */ = {isa = PBXFileReference; fileEncoding = 4; lastKnownFileType = sourcecode.swift; path = RFHomeItem.swift; sourceTree = "<group>"; };
		5C6220E81D61BB5C00ECA63C /* UIView+Add.swift */ = {isa = PBXFileReference; fileEncoding = 4; lastKnownFileType = sourcecode.swift; path = "UIView+Add.swift"; sourceTree = "<group>"; };
		5C62A1581D66B0F000D53BAD /* RFCollectionViewCell.swift */ = {isa = PBXFileReference; fileEncoding = 4; lastKnownFileType = sourcecode.swift; path = RFCollectionViewCell.swift; sourceTree = "<group>"; };
		5C62A1591D66B0F000D53BAD /* RFCollectionViewCell.xib */ = {isa = PBXFileReference; fileEncoding = 4; lastKnownFileType = file.xib; path = RFCollectionViewCell.xib; sourceTree = "<group>"; };
		5C62A15C1D66D7DD00D53BAD /* RFProduct.swift */ = {isa = PBXFileReference; fileEncoding = 4; lastKnownFileType = sourcecode.swift; path = RFProduct.swift; sourceTree = "<group>"; };
		5C62A1621D66E01E00D53BAD /* RFLoginViewController.swift */ = {isa = PBXFileReference; fileEncoding = 4; lastKnownFileType = sourcecode.swift; path = RFLoginViewController.swift; sourceTree = "<group>"; };
		5C62A1631D66E01E00D53BAD /* RFLoginViewController.xib */ = {isa = PBXFileReference; fileEncoding = 4; lastKnownFileType = file.xib; path = RFLoginViewController.xib; sourceTree = "<group>"; };
		5C62A1661D66F44800D53BAD /* RFSortTableView.swift */ = {isa = PBXFileReference; fileEncoding = 4; lastKnownFileType = sourcecode.swift; path = RFSortTableView.swift; sourceTree = "<group>"; };
		5C62A1681D66F85400D53BAD /* RFSortCell.swift */ = {isa = PBXFileReference; fileEncoding = 4; lastKnownFileType = sourcecode.swift; path = RFSortCell.swift; sourceTree = "<group>"; };
		5C62A1691D66F85400D53BAD /* RFSortCell.xib */ = {isa = PBXFileReference; fileEncoding = 4; lastKnownFileType = file.xib; path = RFSortCell.xib; sourceTree = "<group>"; };
		5C67C5991D6C2A4600FBDC3A /* RFProductDetailTopView.swift */ = {isa = PBXFileReference; fileEncoding = 4; lastKnownFileType = sourcecode.swift; path = RFProductDetailTopView.swift; sourceTree = "<group>"; };
		5C67C59B1D6C2D1A00FBDC3A /* RFDetailCollectionViewCell.swift */ = {isa = PBXFileReference; fileEncoding = 4; lastKnownFileType = sourcecode.swift; path = RFDetailCollectionViewCell.swift; sourceTree = "<group>"; };
		5C67C59C1D6C2D1A00FBDC3A /* RFDetailCollectionViewCell.xib */ = {isa = PBXFileReference; fileEncoding = 4; lastKnownFileType = file.xib; path = RFDetailCollectionViewCell.xib; sourceTree = "<group>"; };
		5C67C59F1D6C40A500FBDC3A /* RFProdectDetailBottomView.swift */ = {isa = PBXFileReference; fileEncoding = 4; lastKnownFileType = sourcecode.swift; path = RFProdectDetailBottomView.swift; sourceTree = "<group>"; };
		5C67C5A11D6C423C00FBDC3A /* RFComment.swift */ = {isa = PBXFileReference; fileEncoding = 4; lastKnownFileType = sourcecode.swift; path = RFComment.swift; sourceTree = "<group>"; };
		5C67C5A31D6C432F00FBDC3A /* RFProductDetail.swift */ = {isa = PBXFileReference; fileEncoding = 4; lastKnownFileType = sourcecode.swift; path = RFProductDetail.swift; sourceTree = "<group>"; };
		5C67C5A51D6C47E300FBDC3A /* RFDetailChoiceButtonView.swift */ = {isa = PBXFileReference; fileEncoding = 4; lastKnownFileType = sourcecode.swift; path = RFDetailChoiceButtonView.swift; sourceTree = "<group>"; };
		5C67C5A71D6C47FB00FBDC3A /* RFDetailChoiceButtonView.xib */ = {isa = PBXFileReference; fileEncoding = 4; lastKnownFileType = file.xib; path = RFDetailChoiceButtonView.xib; sourceTree = "<group>"; };
		5C6B78981D79263F0016943B /* RFMeChoiceView.swift */ = {isa = PBXFileReference; fileEncoding = 4; lastKnownFileType = sourcecode.swift; path = RFMeChoiceView.swift; sourceTree = "<group>"; };
		5C6B789A1D792CBA0016943B /* RFMessageViewController.swift */ = {isa = PBXFileReference; fileEncoding = 4; lastKnownFileType = sourcecode.swift; path = RFMessageViewController.swift; sourceTree = "<group>"; };
		5C6B789C1D792DE50016943B /* RFSettingViewController.swift */ = {isa = PBXFileReference; fileEncoding = 4; lastKnownFileType = sourcecode.swift; path = RFSettingViewController.swift; sourceTree = "<group>"; };
		5C6B789E1D7964350016943B /* SettingCell.plist */ = {isa = PBXFileReference; fileEncoding = 4; lastKnownFileType = text.plist.xml; path = SettingCell.plist; sourceTree = "<group>"; };
		5C6B78A01D79654A0016943B /* RFSetting.swift */ = {isa = PBXFileReference; fileEncoding = 4; lastKnownFileType = sourcecode.swift; path = RFSetting.swift; sourceTree = "<group>"; };
		5C6B78A21D7966220016943B /* RFSettingCell.swift */ = {isa = PBXFileReference; fileEncoding = 4; lastKnownFileType = sourcecode.swift; path = RFSettingCell.swift; sourceTree = "<group>"; };
		5C6B78A31D7966220016943B /* RFSettingCell.xib */ = {isa = PBXFileReference; fileEncoding = 4; lastKnownFileType = file.xib; path = RFSettingCell.xib; sourceTree = "<group>"; };
		5C6B78A61D796D220016943B /* RFMeFooterView.swift */ = {isa = PBXFileReference; fileEncoding = 4; lastKnownFileType = sourcecode.swift; path = RFMeFooterView.swift; sourceTree = "<group>"; };
		5C794A401D74378C00AA89C0 /* RFCollectionDetailController.swift */ = {isa = PBXFileReference; fileEncoding = 4; lastKnownFileType = sourcecode.swift; path = RFCollectionDetailController.swift; sourceTree = "<group>"; };
		5C794A411D74378C00AA89C0 /* RFCollectionDetailController.xib */ = {isa = PBXFileReference; fileEncoding = 4; lastKnownFileType = file.xib; path = RFCollectionDetailController.xib; sourceTree = "<group>"; };
		5C794A441D74385300AA89C0 /* RFCollectionPost.swift */ = {isa = PBXFileReference; fileEncoding = 4; lastKnownFileType = sourcecode.swift; path = RFCollectionPost.swift; sourceTree = "<group>"; };
		5C794A461D743AD900AA89C0 /* RFCollectionTableViewCell.swift */ = {isa = PBXFileReference; fileEncoding = 4; lastKnownFileType = sourcecode.swift; path = RFCollectionTableViewCell.swift; sourceTree = "<group>"; };
		5C794A471D743AD900AA89C0 /* RFCollectionTableViewCell.xib */ = {isa = PBXFileReference; fileEncoding = 4; lastKnownFileType = file.xib; path = RFCollectionTableViewCell.xib; sourceTree = "<group>"; };
		5C8280A61D7D0A4A00F94AF8 /* RFRegisterViewController.swift */ = {isa = PBXFileReference; fileEncoding = 4; lastKnownFileType = sourcecode.swift; path = RFRegisterViewController.swift; sourceTree = "<group>"; };
		5C8280A71D7D0A4A00F94AF8 /* RFRegisterViewController.xib */ = {isa = PBXFileReference; fileEncoding = 4; lastKnownFileType = file.xib; path = RFRegisterViewController.xib; sourceTree = "<group>"; };
		5C907E4F1D62EEF400FBF5F9 /* RFHomeCell.swift */ = {isa = PBXFileReference; fileEncoding = 4; lastKnownFileType = sourcecode.swift; path = RFHomeCell.swift; sourceTree = "<group>"; };
		5C907E501D62EEF400FBF5F9 /* RFHomeCell.xib */ = {isa = PBXFileReference; fileEncoding = 4; lastKnownFileType = file.xib; path = RFHomeCell.xib; sourceTree = "<group>"; };
		C258FA3AD0FEEA9A638D3DF2 /* Pods-DanTangSwift.release.xcconfig */ = {isa = PBXFileReference; includeInIndex = 1; lastKnownFileType = text.xcconfig; name = "Pods-DanTangSwift.release.xcconfig"; path = "Pods/Target Support Files/Pods-DanTangSwift/Pods-DanTangSwift.release.xcconfig"; sourceTree = "<group>"; };
		C7501AFB74BDA1064B38A94B /* Pods-DanTangSwift.debug.xcconfig */ = {isa = PBXFileReference; includeInIndex = 1; lastKnownFileType = text.xcconfig; name = "Pods-DanTangSwift.debug.xcconfig"; path = "Pods/Target Support Files/Pods-DanTangSwift/Pods-DanTangSwift.debug.xcconfig"; sourceTree = "<group>"; };
/* End PBXFileReference section */

/* Begin PBXFrameworksBuildPhase section */
		5C407B8C1D5DB51400741154 /* Frameworks */ = {
			isa = PBXFrameworksBuildPhase;
			buildActionMask = 2147483647;
			files = (
				6BF6832C46665408CACD03BB /* Pods_DanTangSwift.framework in Frameworks */,
			);
			runOnlyForDeploymentPostprocessing = 0;
		};
		5C407BA01D5DB51400741154 /* Frameworks */ = {
			isa = PBXFrameworksBuildPhase;
			buildActionMask = 2147483647;
			files = (
			);
			runOnlyForDeploymentPostprocessing = 0;
		};
		5C407BAB1D5DB51400741154 /* Frameworks */ = {
			isa = PBXFrameworksBuildPhase;
			buildActionMask = 2147483647;
			files = (
			);
			runOnlyForDeploymentPostprocessing = 0;
		};
/* End PBXFrameworksBuildPhase section */

/* Begin PBXGroup section */
		5C407B861D5DB51400741154 = {
			isa = PBXGroup;
			children = (
				5C407B911D5DB51400741154 /* DanTangSwift */,
				5C407BA61D5DB51400741154 /* DanTangSwiftTests */,
				5C407BB11D5DB51400741154 /* DanTangSwiftUITests */,
				5C407B901D5DB51400741154 /* Products */,
				D9D8A63887749129144B4E22 /* Pods */,
				F83253FD4DEF4FB2D693AC41 /* Frameworks */,
			);
			sourceTree = "<group>";
		};
		5C407B901D5DB51400741154 /* Products */ = {
			isa = PBXGroup;
			children = (
				5C407B8F1D5DB51400741154 /* DanTangSwift.app */,
				5C407BA31D5DB51400741154 /* DanTangSwiftTests.xctest */,
				5C407BAE1D5DB51400741154 /* DanTangSwiftUITests.xctest */,
			);
			name = Products;
			sourceTree = "<group>";
		};
		5C407B911D5DB51400741154 /* DanTangSwift */ = {
			isa = PBXGroup;
			children = (
				5C44E09C1D5DB9580081B0DD /* Classes */,
				5C6B789E1D7964350016943B /* SettingCell.plist */,
				5C407B921D5DB51400741154 /* AppDelegate.swift */,
				5C407B941D5DB51400741154 /* ViewController.swift */,
				5C407B961D5DB51400741154 /* Main.storyboard */,
				5C407B991D5DB51400741154 /* Assets.xcassets */,
				5C407B9B1D5DB51400741154 /* LaunchScreen.storyboard */,
				5C407B9E1D5DB51400741154 /* Info.plist */,
			);
			path = DanTangSwift;
			sourceTree = "<group>";
		};
		5C407BA61D5DB51400741154 /* DanTangSwiftTests */ = {
			isa = PBXGroup;
			children = (
				5C407BA71D5DB51400741154 /* DanTangSwiftTests.swift */,
				5C407BA91D5DB51400741154 /* Info.plist */,
			);
			path = DanTangSwiftTests;
			sourceTree = "<group>";
		};
		5C407BB11D5DB51400741154 /* DanTangSwiftUITests */ = {
			isa = PBXGroup;
			children = (
				5C407BB21D5DB51400741154 /* DanTangSwiftUITests.swift */,
				5C407BB41D5DB51400741154 /* Info.plist */,
			);
			path = DanTangSwiftUITests;
			sourceTree = "<group>";
		};
		5C44E09C1D5DB9580081B0DD /* Classes */ = {
			isa = PBXGroup;
			children = (
				5C44E09D1D5DB9580081B0DD /* Classify */,
				5C44E0A21D5DB9580081B0DD /* DanTang */,
				5C44E0A71D5DB9580081B0DD /* Main */,
				5C44E0AF1D5DB9580081B0DD /* Me */,
				5C62A15E1D66DFF000D53BAD /* Login&Register */,
				5C44E0B41D5DB9580081B0DD /* Products */,
			);
			path = Classes;
			sourceTree = "<group>";
		};
		5C44E09D1D5DB9580081B0DD /* Classify */ = {
			isa = PBXGroup;
			children = (
				5C44E09E1D5DB9580081B0DD /* Controller */,
				5C44E0A01D5DB9580081B0DD /* Model */,
				5C44E0A11D5DB9580081B0DD /* View */,
			);
			path = Classify;
			sourceTree = "<group>";
		};
		5C44E09E1D5DB9580081B0DD /* Controller */ = {
			isa = PBXGroup;
			children = (
				5C44E09F1D5DB9580081B0DD /* RFCategoryViewController.swift */,
				5C5C79B61D6EEF3900D62726 /* RFCategoryHeaderViewController.swift */,
				5C794A401D74378C00AA89C0 /* RFCollectionDetailController.swift */,
				5C794A411D74378C00AA89C0 /* RFCollectionDetailController.xib */,
				5C5C7ADB1D75314100124DE3 /* RFPostDetailViewController.swift */,
				5C565B001D6FE84000E729A6 /* RFSeeAllController.swift */,
				5C565B011D6FE84000E729A6 /* RFSeeAllController.xib */,
			);
			path = Controller;
			sourceTree = "<group>";
		};
		5C44E0A01D5DB9580081B0DD /* Model */ = {
			isa = PBXGroup;
			children = (
				5C5C79B81D6EEF6900D62726 /* RFCollection.swift */,
				5C794A441D74385300AA89C0 /* RFCollectionPost.swift */,
				5C5C7AD91D752CDF00124DE3 /* RFGroup.swift */,
			);
			path = Model;
			sourceTree = "<group>";
		};
		5C44E0A11D5DB9580081B0DD /* View */ = {
			isa = PBXGroup;
			children = (
				5C5C79BA1D6EF06100D62726 /* RFTopHeaderView.swift */,
				5C5C79BC1D6EF06E00D62726 /* RFTopHeaderView.xib */,
				5C5C7AE31D75632000124DE3 /* RFCategoryBottomView.swift */,
				5C5C7ADF1D755D2B00124DE3 /* RFCategoryCollectionViewCell.swift */,
				5C5C7AE01D755D2B00124DE3 /* RFCategoryCollectionViewCell.xib */,
				5C565B041D6FE8F100E729A6 /* RFSeeAllTopicCell.swift */,
				5C565B051D6FE8F100E729A6 /* RFSeeAllTopicCell.xib */,
				5C794A461D743AD900AA89C0 /* RFCollectionTableViewCell.swift */,
				5C794A471D743AD900AA89C0 /* RFCollectionTableViewCell.xib */,
				5C5C7AE51D75656E00124DE3 /* RFVerticalButton.swift */,
			);
			path = View;
			sourceTree = "<group>";
		};
		5C44E0A21D5DB9580081B0DD /* DanTang */ = {
			isa = PBXGroup;
			children = (
				5C44E0A31D5DB9580081B0DD /* Controller */,
				5C44E0A51D5DB9580081B0DD /* Model */,
				5C44E0A61D5DB9580081B0DD /* View */,
			);
			path = DanTang;
			sourceTree = "<group>";
		};
		5C44E0A31D5DB9580081B0DD /* Controller */ = {
			isa = PBXGroup;
			children = (
				5C44E0A41D5DB9580081B0DD /* RFDanTangViewController.swift */,
				5C6220E01D61B1A100ECA63C /* RFTopicViewController.swift */,
				5C52E81F1D645CE3007C1AC2 /* RFDetailViewController.swift */,
				5C52E8211D646255007C1AC2 /* RFSearchViewController.swift */,
			);
			path = Controller;
			sourceTree = "<group>";
		};
		5C44E0A51D5DB9580081B0DD /* Model */ = {
			isa = PBXGroup;
			children = (
				5C44E0C31D5DC7200081B0DD /* RFChannel.swift */,
				5C6220E21D61B28000ECA63C /* RFHomeItem.swift */,
				5C52E8231D64636D007C1AC2 /* RFSearchResult.swift */,
			);
			path = Model;
			sourceTree = "<group>";
		};
		5C44E0A61D5DB9580081B0DD /* View */ = {
			isa = PBXGroup;
			children = (
				5C907E4F1D62EEF400FBF5F9 /* RFHomeCell.swift */,
				5C907E501D62EEF400FBF5F9 /* RFHomeCell.xib */,
				5C52E8251D647158007C1AC2 /* RFSearchRecordView.swift */,
				5C62A1661D66F44800D53BAD /* RFSortTableView.swift */,
				5C62A1681D66F85400D53BAD /* RFSortCell.swift */,
				5C62A1691D66F85400D53BAD /* RFSortCell.xib */,
				5C5D238B1D6ACB5500B79329 /* RFRefreshControl.swift */,
				5C5D238D1D6AD20800B79329 /* RFRefreshView.swift */,
				5C5D238F1D6AD23E00B79329 /* RFRefreshView.xib */,
			);
			path = View;
			sourceTree = "<group>";
		};
		5C44E0A71D5DB9580081B0DD /* Main */ = {
			isa = PBXGroup;
			children = (
				5C44E0A81D5DB9580081B0DD /* Category */,
				5C44E0A91D5DB9580081B0DD /* Controller */,
				5C44E0AD1D5DB9580081B0DD /* Tools */,
			);
			path = Main;
			sourceTree = "<group>";
		};
		5C44E0A81D5DB9580081B0DD /* Category */ = {
			isa = PBXGroup;
			children = (
				5C6220E81D61BB5C00ECA63C /* UIView+Add.swift */,
			);
			path = Category;
			sourceTree = "<group>";
		};
		5C44E0A91D5DB9580081B0DD /* Controller */ = {
			isa = PBXGroup;
			children = (
				5C44E0AA1D5DB9580081B0DD /* RFBaseViewController.swift */,
				5C44E0AB1D5DB9580081B0DD /* RFNavigationController.swift */,
				5C44E0AC1D5DB9580081B0DD /* RFTabBarController.swift */,
			);
			path = Controller;
			sourceTree = "<group>";
		};
		5C44E0AD1D5DB9580081B0DD /* Tools */ = {
			isa = PBXGroup;
			children = (
				5C44E0AE1D5DB9580081B0DD /* RFConst.swift */,
				5C44E0C11D5DC5CC0081B0DD /* RFNetworkTool.swift */,
			);
			path = Tools;
			sourceTree = "<group>";
		};
		5C44E0AF1D5DB9580081B0DD /* Me */ = {
			isa = PBXGroup;
			children = (
				5C44E0B01D5DB9580081B0DD /* Controller */,
				5C44E0B21D5DB9580081B0DD /* Model */,
				5C44E0B31D5DB9580081B0DD /* View */,
			);
			path = Me;
			sourceTree = "<group>";
		};
		5C44E0B01D5DB9580081B0DD /* Controller */ = {
			isa = PBXGroup;
			children = (
				5C44E0B11D5DB9580081B0DD /* RFMeViewController.swift */,
				5C6B789A1D792CBA0016943B /* RFMessageViewController.swift */,
				5C6B789C1D792DE50016943B /* RFSettingViewController.swift */,
			);
			path = Controller;
			sourceTree = "<group>";
		};
		5C44E0B21D5DB9580081B0DD /* Model */ = {
			isa = PBXGroup;
			children = (
				5C6B78A01D79654A0016943B /* RFSetting.swift */,
			);
			path = Model;
			sourceTree = "<group>";
		};
		5C44E0B31D5DB9580081B0DD /* View */ = {
			isa = PBXGroup;
			children = (
				5C447ACF1D76CF6100FA441E /* RFMineHeaderView.swift */,
				5C6B78A61D796D220016943B /* RFMeFooterView.swift */,
				5C6B78981D79263F0016943B /* RFMeChoiceView.swift */,
				5C6B78A21D7966220016943B /* RFSettingCell.swift */,
				5C6B78A31D7966220016943B /* RFSettingCell.xib */,
			);
			path = View;
			sourceTree = "<group>";
		};
		5C44E0B41D5DB9580081B0DD /* Products */ = {
			isa = PBXGroup;
			children = (
				5C44E0B51D5DB9580081B0DD /* Controller */,
				5C44E0B71D5DB9580081B0DD /* Model */,
				5C44E0B81D5DB9580081B0DD /* View */,
			);
			path = Products;
			sourceTree = "<group>";
		};
		5C44E0B51D5DB9580081B0DD /* Controller */ = {
			isa = PBXGroup;
			children = (
				5C44E0B61D5DB9580081B0DD /* RFProductViewController.swift */,
				5C5D23911D6AF4F800B79329 /* RFProductDetailViewController.swift */,
				5C5D23931D6AF52100B79329 /* RFTMALLViewController.swift */,
			);
			path = Controller;
			sourceTree = "<group>";
		};
		5C44E0B71D5DB9580081B0DD /* Model */ = {
			isa = PBXGroup;
			children = (
				5C62A15C1D66D7DD00D53BAD /* RFProduct.swift */,
				5C67C5A11D6C423C00FBDC3A /* RFComment.swift */,
				5C67C5A31D6C432F00FBDC3A /* RFProductDetail.swift */,
			);
			path = Model;
			sourceTree = "<group>";
		};
		5C44E0B81D5DB9580081B0DD /* View */ = {
			isa = PBXGroup;
			children = (
				5C62A1581D66B0F000D53BAD /* RFCollectionViewCell.swift */,
				5C62A1591D66B0F000D53BAD /* RFCollectionViewCell.xib */,
				5C5D23971D6AF89300B79329 /* RFDetailScrollView.swift */,
				5C67C5991D6C2A4600FBDC3A /* RFProductDetailTopView.swift */,
				5C67C59F1D6C40A500FBDC3A /* RFProdectDetailBottomView.swift */,
				5C5C79B21D6E8B2000D62726 /* RFProductDetailToolBar.swift */,
				5C5C79B41D6E8B3500D62726 /* RFProductDetailToolBar.xib */,
				5C3D6C971D6D9C2600470F9F /* RFCommentCell.swift */,
				5C3D6C981D6D9C2600470F9F /* RFCommentCell.xib */,
				5C67C5A51D6C47E300FBDC3A /* RFDetailChoiceButtonView.swift */,
				5C67C5A71D6C47FB00FBDC3A /* RFDetailChoiceButtonView.xib */,
				5C67C59B1D6C2D1A00FBDC3A /* RFDetailCollectionViewCell.swift */,
				5C67C59C1D6C2D1A00FBDC3A /* RFDetailCollectionViewCell.xib */,
			);
			path = View;
			sourceTree = "<group>";
		};
		5C62A15E1D66DFF000D53BAD /* Login&Register */ = {
			isa = PBXGroup;
			children = (
				5C62A15F1D66DFF000D53BAD /* Controller */,
			);
			path = "Login&Register";
			sourceTree = "<group>";
		};
		5C62A15F1D66DFF000D53BAD /* Controller */ = {
			isa = PBXGroup;
			children = (
				5C62A1621D66E01E00D53BAD /* RFLoginViewController.swift */,
				5C62A1631D66E01E00D53BAD /* RFLoginViewController.xib */,
				5C8280A61D7D0A4A00F94AF8 /* RFRegisterViewController.swift */,
				5C8280A71D7D0A4A00F94AF8 /* RFRegisterViewController.xib */,
			);
			path = Controller;
			sourceTree = "<group>";
		};
		D9D8A63887749129144B4E22 /* Pods */ = {
			isa = PBXGroup;
			children = (
				C7501AFB74BDA1064B38A94B /* Pods-DanTangSwift.debug.xcconfig */,
				C258FA3AD0FEEA9A638D3DF2 /* Pods-DanTangSwift.release.xcconfig */,
			);
			name = Pods;
			sourceTree = "<group>";
		};
		F83253FD4DEF4FB2D693AC41 /* Frameworks */ = {
			isa = PBXGroup;
			children = (
				4F46882E26C1E815E30FDB0E /* Pods_DanTangSwift.framework */,
			);
			name = Frameworks;
			sourceTree = "<group>";
		};
/* End PBXGroup section */

/* Begin PBXNativeTarget section */
		5C407B8E1D5DB51400741154 /* DanTangSwift */ = {
			isa = PBXNativeTarget;
			buildConfigurationList = 5C407BB71D5DB51400741154 /* Build configuration list for PBXNativeTarget "DanTangSwift" */;
			buildPhases = (
				C657B2B397F7B90AF5B74BD5 /* 📦 Check Pods Manifest.lock */,
				5C407B8B1D5DB51400741154 /* Sources */,
				5C407B8C1D5DB51400741154 /* Frameworks */,
				5C407B8D1D5DB51400741154 /* Resources */,
				5B7819387C0C90BA6C3F73F3 /* 📦 Embed Pods Frameworks */,
				5397E6E1D0355BDABEA6CEE1 /* 📦 Copy Pods Resources */,
			);
			buildRules = (
			);
			dependencies = (
			);
			name = DanTangSwift;
			productName = DanTangSwift;
			productReference = 5C407B8F1D5DB51400741154 /* DanTangSwift.app */;
			productType = "com.apple.product-type.application";
		};
		5C407BA21D5DB51400741154 /* DanTangSwiftTests */ = {
			isa = PBXNativeTarget;
			buildConfigurationList = 5C407BBA1D5DB51400741154 /* Build configuration list for PBXNativeTarget "DanTangSwiftTests" */;
			buildPhases = (
				5C407B9F1D5DB51400741154 /* Sources */,
				5C407BA01D5DB51400741154 /* Frameworks */,
				5C407BA11D5DB51400741154 /* Resources */,
			);
			buildRules = (
			);
			dependencies = (
				5C407BA51D5DB51400741154 /* PBXTargetDependency */,
			);
			name = DanTangSwiftTests;
			productName = DanTangSwiftTests;
			productReference = 5C407BA31D5DB51400741154 /* DanTangSwiftTests.xctest */;
			productType = "com.apple.product-type.bundle.unit-test";
		};
		5C407BAD1D5DB51400741154 /* DanTangSwiftUITests */ = {
			isa = PBXNativeTarget;
			buildConfigurationList = 5C407BBD1D5DB51400741154 /* Build configuration list for PBXNativeTarget "DanTangSwiftUITests" */;
			buildPhases = (
				5C407BAA1D5DB51400741154 /* Sources */,
				5C407BAB1D5DB51400741154 /* Frameworks */,
				5C407BAC1D5DB51400741154 /* Resources */,
			);
			buildRules = (
			);
			dependencies = (
				5C407BB01D5DB51400741154 /* PBXTargetDependency */,
			);
			name = DanTangSwiftUITests;
			productName = DanTangSwiftUITests;
			productReference = 5C407BAE1D5DB51400741154 /* DanTangSwiftUITests.xctest */;
			productType = "com.apple.product-type.bundle.ui-testing";
		};
/* End PBXNativeTarget section */

/* Begin PBXProject section */
		5C407B871D5DB51400741154 /* Project object */ = {
			isa = PBXProject;
			attributes = {
				LastSwiftUpdateCheck = 0730;
				LastUpgradeCheck = 0730;
				ORGANIZATIONNAME = RockyFung;
				TargetAttributes = {
					5C407B8E1D5DB51400741154 = {
						CreatedOnToolsVersion = 7.3.1;
					};
					5C407BA21D5DB51400741154 = {
						CreatedOnToolsVersion = 7.3.1;
						TestTargetID = 5C407B8E1D5DB51400741154;
					};
					5C407BAD1D5DB51400741154 = {
						CreatedOnToolsVersion = 7.3.1;
						TestTargetID = 5C407B8E1D5DB51400741154;
					};
				};
			};
			buildConfigurationList = 5C407B8A1D5DB51400741154 /* Build configuration list for PBXProject "DanTangSwift" */;
			compatibilityVersion = "Xcode 3.2";
			developmentRegion = English;
			hasScannedForEncodings = 0;
			knownRegions = (
				en,
				Base,
			);
			mainGroup = 5C407B861D5DB51400741154;
			productRefGroup = 5C407B901D5DB51400741154 /* Products */;
			projectDirPath = "";
			projectRoot = "";
			targets = (
				5C407B8E1D5DB51400741154 /* DanTangSwift */,
				5C407BA21D5DB51400741154 /* DanTangSwiftTests */,
				5C407BAD1D5DB51400741154 /* DanTangSwiftUITests */,
			);
		};
/* End PBXProject section */

/* Begin PBXResourcesBuildPhase section */
		5C407B8D1D5DB51400741154 /* Resources */ = {
			isa = PBXResourcesBuildPhase;
			buildActionMask = 2147483647;
			files = (
				5C907E521D62EEF400FBF5F9 /* RFHomeCell.xib in Resources */,
				5C407B9D1D5DB51400741154 /* LaunchScreen.storyboard in Resources */,
				5C67C59E1D6C2D1A00FBDC3A /* RFDetailCollectionViewCell.xib in Resources */,
				5C8280A91D7D0A4A00F94AF8 /* RFRegisterViewController.xib in Resources */,
				5C565B071D6FE8F100E729A6 /* RFSeeAllTopicCell.xib in Resources */,
				5C794A491D743AD900AA89C0 /* RFCollectionTableViewCell.xib in Resources */,
				5C67C5A81D6C47FB00FBDC3A /* RFDetailChoiceButtonView.xib in Resources */,
				5C62A1651D66E01E00D53BAD /* RFLoginViewController.xib in Resources */,
				5C407B9A1D5DB51400741154 /* Assets.xcassets in Resources */,
				5C5C7AE21D755D2B00124DE3 /* RFCategoryCollectionViewCell.xib in Resources */,
				5C5D23901D6AD23E00B79329 /* RFRefreshView.xib in Resources */,
				5C794A431D74378C00AA89C0 /* RFCollectionDetailController.xib in Resources */,
				5C62A16B1D66F85400D53BAD /* RFSortCell.xib in Resources */,
				5C3D6C9A1D6D9C2600470F9F /* RFCommentCell.xib in Resources */,
				5C407B981D5DB51400741154 /* Main.storyboard in Resources */,
				5C5C79B51D6E8B3500D62726 /* RFProductDetailToolBar.xib in Resources */,
				5C565B031D6FE84000E729A6 /* RFSeeAllController.xib in Resources */,
				5C6B78A51D7966220016943B /* RFSettingCell.xib in Resources */,
				5C62A15B1D66B0F000D53BAD /* RFCollectionViewCell.xib in Resources */,
				5C6B789F1D7964350016943B /* SettingCell.plist in Resources */,
				5C5C79BD1D6EF06E00D62726 /* RFTopHeaderView.xib in Resources */,
			);
			runOnlyForDeploymentPostprocessing = 0;
		};
		5C407BA11D5DB51400741154 /* Resources */ = {
			isa = PBXResourcesBuildPhase;
			buildActionMask = 2147483647;
			files = (
			);
			runOnlyForDeploymentPostprocessing = 0;
		};
		5C407BAC1D5DB51400741154 /* Resources */ = {
			isa = PBXResourcesBuildPhase;
			buildActionMask = 2147483647;
			files = (
			);
			runOnlyForDeploymentPostprocessing = 0;
		};
/* End PBXResourcesBuildPhase section */

/* Begin PBXShellScriptBuildPhase section */
		5397E6E1D0355BDABEA6CEE1 /* 📦 Copy Pods Resources */ = {
			isa = PBXShellScriptBuildPhase;
			buildActionMask = 2147483647;
			files = (
			);
			inputPaths = (
			);
			name = "📦 Copy Pods Resources";
			outputPaths = (
			);
			runOnlyForDeploymentPostprocessing = 0;
			shellPath = /bin/sh;
			shellScript = "\"${SRCROOT}/Pods/Target Support Files/Pods-DanTangSwift/Pods-DanTangSwift-resources.sh\"\n";
			showEnvVarsInLog = 0;
		};
		5B7819387C0C90BA6C3F73F3 /* 📦 Embed Pods Frameworks */ = {
			isa = PBXShellScriptBuildPhase;
			buildActionMask = 2147483647;
			files = (
			);
			inputPaths = (
			);
			name = "📦 Embed Pods Frameworks";
			outputPaths = (
			);
			runOnlyForDeploymentPostprocessing = 0;
			shellPath = /bin/sh;
			shellScript = "\"${SRCROOT}/Pods/Target Support Files/Pods-DanTangSwift/Pods-DanTangSwift-frameworks.sh\"\n";
			showEnvVarsInLog = 0;
		};
		C657B2B397F7B90AF5B74BD5 /* 📦 Check Pods Manifest.lock */ = {
			isa = PBXShellScriptBuildPhase;
			buildActionMask = 2147483647;
			files = (
			);
			inputPaths = (
			);
			name = "📦 Check Pods Manifest.lock";
			outputPaths = (
			);
			runOnlyForDeploymentPostprocessing = 0;
			shellPath = /bin/sh;
			shellScript = "diff \"${PODS_ROOT}/../Podfile.lock\" \"${PODS_ROOT}/Manifest.lock\" > /dev/null\nif [[ $? != 0 ]] ; then\n    cat << EOM\nerror: The sandbox is not in sync with the Podfile.lock. Run 'pod install' or update your CocoaPods installation.\nEOM\n    exit 1\nfi\n";
			showEnvVarsInLog = 0;
		};
/* End PBXShellScriptBuildPhase section */

/* Begin PBXSourcesBuildPhase section */
		5C407B8B1D5DB51400741154 /* Sources */ = {
			isa = PBXSourcesBuildPhase;
			buildActionMask = 2147483647;
			files = (
				5C67C59A1D6C2A4600FBDC3A /* RFProductDetailTopView.swift in Sources */,
				5C8280A81D7D0A4A00F94AF8 /* RFRegisterViewController.swift in Sources */,
				5C5C79B71D6EEF3900D62726 /* RFCategoryHeaderViewController.swift in Sources */,
				5C447AD01D76CF6100FA441E /* RFMineHeaderView.swift in Sources */,
				5C52E8221D646255007C1AC2 /* RFSearchViewController.swift in Sources */,
				5C5C7AE11D755D2B00124DE3 /* RFCategoryCollectionViewCell.swift in Sources */,
				5C5C79BB1D6EF06100D62726 /* RFTopHeaderView.swift in Sources */,
				5C6B789B1D792CBA0016943B /* RFMessageViewController.swift in Sources */,
				5C407B951D5DB51400741154 /* ViewController.swift in Sources */,
				5C44E0BB1D5DB9580081B0DD /* RFBaseViewController.swift in Sources */,
				5C6B78991D79263F0016943B /* RFMeChoiceView.swift in Sources */,
				5C67C5A01D6C40A500FBDC3A /* RFProdectDetailBottomView.swift in Sources */,
				5C62A1671D66F44800D53BAD /* RFSortTableView.swift in Sources */,
				5C44E0BD1D5DB9580081B0DD /* RFTabBarController.swift in Sources */,
				5C44E0C21D5DC5CC0081B0DD /* RFNetworkTool.swift in Sources */,
				5C44E0BC1D5DB9580081B0DD /* RFNavigationController.swift in Sources */,
				5C5C7ADA1D752CDF00124DE3 /* RFGroup.swift in Sources */,
				5C6B78A11D79654A0016943B /* RFSetting.swift in Sources */,
				5C6220E31D61B28000ECA63C /* RFHomeItem.swift in Sources */,
				5C52E8261D647158007C1AC2 /* RFSearchRecordView.swift in Sources */,
				5C52E8201D645CE3007C1AC2 /* RFDetailViewController.swift in Sources */,
				5C44E0BE1D5DB9580081B0DD /* RFConst.swift in Sources */,
				5C44E0BF1D5DB9580081B0DD /* RFMeViewController.swift in Sources */,
				5C62A15A1D66B0F000D53BAD /* RFCollectionViewCell.swift in Sources */,
				5C565B061D6FE8F100E729A6 /* RFSeeAllTopicCell.swift in Sources */,
				5C6220E11D61B1A100ECA63C /* RFTopicViewController.swift in Sources */,
				5C5C7AE61D75656E00124DE3 /* RFVerticalButton.swift in Sources */,
				5C5C79B91D6EEF6900D62726 /* RFCollection.swift in Sources */,
				5C44E0B91D5DB9580081B0DD /* RFCategoryViewController.swift in Sources */,
				5C794A451D74385300AA89C0 /* RFCollectionPost.swift in Sources */,
				5C44E0C01D5DB9580081B0DD /* RFProductViewController.swift in Sources */,
				5C5D23981D6AF89300B79329 /* RFDetailScrollView.swift in Sources */,
				5C407B931D5DB51400741154 /* AppDelegate.swift in Sources */,
				5C5D238C1D6ACB5500B79329 /* RFRefreshControl.swift in Sources */,
				5C907E511D62EEF400FBF5F9 /* RFHomeCell.swift in Sources */,
				5C565B021D6FE84000E729A6 /* RFSeeAllController.swift in Sources */,
				5C5C79B31D6E8B2000D62726 /* RFProductDetailToolBar.swift in Sources */,
				5C67C5A41D6C432F00FBDC3A /* RFProductDetail.swift in Sources */,
				5C5D238E1D6AD20800B79329 /* RFRefreshView.swift in Sources */,
				5C5C7AE41D75632000124DE3 /* RFCategoryBottomView.swift in Sources */,
				5C5D23951D6AF52100B79329 /* RFTMALLViewController.swift in Sources */,
				5C6B78A41D7966220016943B /* RFSettingCell.swift in Sources */,
				5C52E8241D64636D007C1AC2 /* RFSearchResult.swift in Sources */,
				5C5D23921D6AF4F800B79329 /* RFProductDetailViewController.swift in Sources */,
				5C3D6C991D6D9C2600470F9F /* RFCommentCell.swift in Sources */,
				5C62A16A1D66F85400D53BAD /* RFSortCell.swift in Sources */,
				5C67C59D1D6C2D1A00FBDC3A /* RFDetailCollectionViewCell.swift in Sources */,
				5C6B789D1D792DE50016943B /* RFSettingViewController.swift in Sources */,
				5C5C7ADD1D75314100124DE3 /* RFPostDetailViewController.swift in Sources */,
				5C62A1641D66E01E00D53BAD /* RFLoginViewController.swift in Sources */,
				5C67C5A61D6C47E300FBDC3A /* RFDetailChoiceButtonView.swift in Sources */,
				5C44E0BA1D5DB9580081B0DD /* RFDanTangViewController.swift in Sources */,
				5C6B78A71D796D220016943B /* RFMeFooterView.swift in Sources */,
				5C62A15D1D66D7DD00D53BAD /* RFProduct.swift in Sources */,
				5C794A421D74378C00AA89C0 /* RFCollectionDetailController.swift in Sources */,
				5C67C5A21D6C423C00FBDC3A /* RFComment.swift in Sources */,
				5C794A481D743AD900AA89C0 /* RFCollectionTableViewCell.swift in Sources */,
				5C44E0C41D5DC7200081B0DD /* RFChannel.swift in Sources */,
				5C6220E91D61BB5C00ECA63C /* UIView+Add.swift in Sources */,
			);
			runOnlyForDeploymentPostprocessing = 0;
		};
		5C407B9F1D5DB51400741154 /* Sources */ = {
			isa = PBXSourcesBuildPhase;
			buildActionMask = 2147483647;
			files = (
				5C407BA81D5DB51400741154 /* DanTangSwiftTests.swift in Sources */,
			);
			runOnlyForDeploymentPostprocessing = 0;
		};
		5C407BAA1D5DB51400741154 /* Sources */ = {
			isa = PBXSourcesBuildPhase;
			buildActionMask = 2147483647;
			files = (
				5C407BB31D5DB51400741154 /* DanTangSwiftUITests.swift in Sources */,
			);
			runOnlyForDeploymentPostprocessing = 0;
		};
/* End PBXSourcesBuildPhase section */

/* Begin PBXTargetDependency section */
		5C407BA51D5DB51400741154 /* PBXTargetDependency */ = {
			isa = PBXTargetDependency;
			target = 5C407B8E1D5DB51400741154 /* DanTangSwift */;
			targetProxy = 5C407BA41D5DB51400741154 /* PBXContainerItemProxy */;
		};
		5C407BB01D5DB51400741154 /* PBXTargetDependency */ = {
			isa = PBXTargetDependency;
			target = 5C407B8E1D5DB51400741154 /* DanTangSwift */;
			targetProxy = 5C407BAF1D5DB51400741154 /* PBXContainerItemProxy */;
		};
/* End PBXTargetDependency section */

/* Begin PBXVariantGroup section */
		5C407B961D5DB51400741154 /* Main.storyboard */ = {
			isa = PBXVariantGroup;
			children = (
				5C407B971D5DB51400741154 /* Base */,
			);
			name = Main.storyboard;
			sourceTree = "<group>";
		};
		5C407B9B1D5DB51400741154 /* LaunchScreen.storyboard */ = {
			isa = PBXVariantGroup;
			children = (
				5C407B9C1D5DB51400741154 /* Base */,
			);
			name = LaunchScreen.storyboard;
			sourceTree = "<group>";
		};
/* End PBXVariantGroup section */

/* Begin XCBuildConfiguration section */
		5C407BB51D5DB51400741154 /* Debug */ = {
			isa = XCBuildConfiguration;
			buildSettings = {
				ALWAYS_SEARCH_USER_PATHS = NO;
				CLANG_ANALYZER_NONNULL = YES;
				CLANG_CXX_LANGUAGE_STANDARD = "gnu++0x";
				CLANG_CXX_LIBRARY = "libc++";
				CLANG_ENABLE_MODULES = YES;
				CLANG_ENABLE_OBJC_ARC = YES;
				CLANG_WARN_BOOL_CONVERSION = YES;
				CLANG_WARN_CONSTANT_CONVERSION = YES;
				CLANG_WARN_DIRECT_OBJC_ISA_USAGE = YES_ERROR;
				CLANG_WARN_EMPTY_BODY = YES;
				CLANG_WARN_ENUM_CONVERSION = YES;
				CLANG_WARN_INT_CONVERSION = YES;
				CLANG_WARN_OBJC_ROOT_CLASS = YES_ERROR;
				CLANG_WARN_UNREACHABLE_CODE = YES;
				CLANG_WARN__DUPLICATE_METHOD_MATCH = YES;
				"CODE_SIGN_IDENTITY[sdk=iphoneos*]" = "iPhone Developer";
				COPY_PHASE_STRIP = NO;
				DEBUG_INFORMATION_FORMAT = dwarf;
				ENABLE_STRICT_OBJC_MSGSEND = YES;
				ENABLE_TESTABILITY = YES;
				GCC_C_LANGUAGE_STANDARD = gnu99;
				GCC_DYNAMIC_NO_PIC = NO;
				GCC_NO_COMMON_BLOCKS = YES;
				GCC_OPTIMIZATION_LEVEL = 0;
				GCC_PREPROCESSOR_DEFINITIONS = (
					"DEBUG=1",
					"$(inherited)",
				);
				GCC_WARN_64_TO_32_BIT_CONVERSION = YES;
				GCC_WARN_ABOUT_RETURN_TYPE = YES_ERROR;
				GCC_WARN_UNDECLARED_SELECTOR = YES;
				GCC_WARN_UNINITIALIZED_AUTOS = YES_AGGRESSIVE;
				GCC_WARN_UNUSED_FUNCTION = YES;
				GCC_WARN_UNUSED_VARIABLE = YES;
				IPHONEOS_DEPLOYMENT_TARGET = 9.3;
				MTL_ENABLE_DEBUG_INFO = YES;
				ONLY_ACTIVE_ARCH = YES;
				SDKROOT = iphoneos;
				SWIFT_OPTIMIZATION_LEVEL = "-Onone";
				TARGETED_DEVICE_FAMILY = "1,2";
			};
			name = Debug;
		};
		5C407BB61D5DB51400741154 /* Release */ = {
			isa = XCBuildConfiguration;
			buildSettings = {
				ALWAYS_SEARCH_USER_PATHS = NO;
				CLANG_ANALYZER_NONNULL = YES;
				CLANG_CXX_LANGUAGE_STANDARD = "gnu++0x";
				CLANG_CXX_LIBRARY = "libc++";
				CLANG_ENABLE_MODULES = YES;
				CLANG_ENABLE_OBJC_ARC = YES;
				CLANG_WARN_BOOL_CONVERSION = YES;
				CLANG_WARN_CONSTANT_CONVERSION = YES;
				CLANG_WARN_DIRECT_OBJC_ISA_USAGE = YES_ERROR;
				CLANG_WARN_EMPTY_BODY = YES;
				CLANG_WARN_ENUM_CONVERSION = YES;
				CLANG_WARN_INT_CONVERSION = YES;
				CLANG_WARN_OBJC_ROOT_CLASS = YES_ERROR;
				CLANG_WARN_UNREACHABLE_CODE = YES;
				CLANG_WARN__DUPLICATE_METHOD_MATCH = YES;
				"CODE_SIGN_IDENTITY[sdk=iphoneos*]" = "iPhone Developer";
				COPY_PHASE_STRIP = NO;
				DEBUG_INFORMATION_FORMAT = "dwarf-with-dsym";
				ENABLE_NS_ASSERTIONS = NO;
				ENABLE_STRICT_OBJC_MSGSEND = YES;
				GCC_C_LANGUAGE_STANDARD = gnu99;
				GCC_NO_COMMON_BLOCKS = YES;
				GCC_WARN_64_TO_32_BIT_CONVERSION = YES;
				GCC_WARN_ABOUT_RETURN_TYPE = YES_ERROR;
				GCC_WARN_UNDECLARED_SELECTOR = YES;
				GCC_WARN_UNINITIALIZED_AUTOS = YES_AGGRESSIVE;
				GCC_WARN_UNUSED_FUNCTION = YES;
				GCC_WARN_UNUSED_VARIABLE = YES;
				IPHONEOS_DEPLOYMENT_TARGET = 9.3;
				MTL_ENABLE_DEBUG_INFO = NO;
				SDKROOT = iphoneos;
				TARGETED_DEVICE_FAMILY = "1,2";
				VALIDATE_PRODUCT = YES;
			};
			name = Release;
		};
		5C407BB81D5DB51400741154 /* Debug */ = {
			isa = XCBuildConfiguration;
			baseConfigurationReference = C7501AFB74BDA1064B38A94B /* Pods-DanTangSwift.debug.xcconfig */;
			buildSettings = {
				ASSETCATALOG_COMPILER_APPICON_NAME = AppIcon;
				INFOPLIST_FILE = DanTangSwift/Info.plist;
				LD_RUNPATH_SEARCH_PATHS = "$(inherited) @executable_path/Frameworks";
				PRODUCT_BUNDLE_IDENTIFIER = RockyFung.DanTangSwift;
				PRODUCT_NAME = "$(TARGET_NAME)";
			};
			name = Debug;
		};
		5C407BB91D5DB51400741154 /* Release */ = {
			isa = XCBuildConfiguration;
			baseConfigurationReference = C258FA3AD0FEEA9A638D3DF2 /* Pods-DanTangSwift.release.xcconfig */;
			buildSettings = {
				ASSETCATALOG_COMPILER_APPICON_NAME = AppIcon;
				INFOPLIST_FILE = DanTangSwift/Info.plist;
				LD_RUNPATH_SEARCH_PATHS = "$(inherited) @executable_path/Frameworks";
				PRODUCT_BUNDLE_IDENTIFIER = RockyFung.DanTangSwift;
				PRODUCT_NAME = "$(TARGET_NAME)";
			};
			name = Release;
		};
		5C407BBB1D5DB51400741154 /* Debug */ = {
			isa = XCBuildConfiguration;
			buildSettings = {
				BUNDLE_LOADER = "$(TEST_HOST)";
				INFOPLIST_FILE = DanTangSwiftTests/Info.plist;
				LD_RUNPATH_SEARCH_PATHS = "$(inherited) @executable_path/Frameworks @loader_path/Frameworks";
				PRODUCT_BUNDLE_IDENTIFIER = RockyFung.DanTangSwiftTests;
				PRODUCT_NAME = "$(TARGET_NAME)";
				TEST_HOST = "$(BUILT_PRODUCTS_DIR)/DanTangSwift.app/DanTangSwift";
			};
			name = Debug;
		};
		5C407BBC1D5DB51400741154 /* Release */ = {
			isa = XCBuildConfiguration;
			buildSettings = {
				BUNDLE_LOADER = "$(TEST_HOST)";
				INFOPLIST_FILE = DanTangSwiftTests/Info.plist;
				LD_RUNPATH_SEARCH_PATHS = "$(inherited) @executable_path/Frameworks @loader_path/Frameworks";
				PRODUCT_BUNDLE_IDENTIFIER = RockyFung.DanTangSwiftTests;
				PRODUCT_NAME = "$(TARGET_NAME)";
				TEST_HOST = "$(BUILT_PRODUCTS_DIR)/DanTangSwift.app/DanTangSwift";
			};
			name = Release;
		};
		5C407BBE1D5DB51400741154 /* Debug */ = {
			isa = XCBuildConfiguration;
			buildSettings = {
				INFOPLIST_FILE = DanTangSwiftUITests/Info.plist;
				LD_RUNPATH_SEARCH_PATHS = "$(inherited) @executable_path/Frameworks @loader_path/Frameworks";
				PRODUCT_BUNDLE_IDENTIFIER = RockyFung.DanTangSwiftUITests;
				PRODUCT_NAME = "$(TARGET_NAME)";
				TEST_TARGET_NAME = DanTangSwift;
			};
			name = Debug;
		};
		5C407BBF1D5DB51400741154 /* Release */ = {
			isa = XCBuildConfiguration;
			buildSettings = {
				INFOPLIST_FILE = DanTangSwiftUITests/Info.plist;
				LD_RUNPATH_SEARCH_PATHS = "$(inherited) @executable_path/Frameworks @loader_path/Frameworks";
				PRODUCT_BUNDLE_IDENTIFIER = RockyFung.DanTangSwiftUITests;
				PRODUCT_NAME = "$(TARGET_NAME)";
				TEST_TARGET_NAME = DanTangSwift;
			};
			name = Release;
		};
/* End XCBuildConfiguration section */

/* Begin XCConfigurationList section */
		5C407B8A1D5DB51400741154 /* Build configuration list for PBXProject "DanTangSwift" */ = {
			isa = XCConfigurationList;
			buildConfigurations = (
				5C407BB51D5DB51400741154 /* Debug */,
				5C407BB61D5DB51400741154 /* Release */,
			);
			defaultConfigurationIsVisible = 0;
			defaultConfigurationName = Release;
		};
		5C407BB71D5DB51400741154 /* Build configuration list for PBXNativeTarget "DanTangSwift" */ = {
			isa = XCConfigurationList;
			buildConfigurations = (
				5C407BB81D5DB51400741154 /* Debug */,
				5C407BB91D5DB51400741154 /* Release */,
			);
			defaultConfigurationIsVisible = 0;
			defaultConfigurationName = Release;
		};
		5C407BBA1D5DB51400741154 /* Build configuration list for PBXNativeTarget "DanTangSwiftTests" */ = {
			isa = XCConfigurationList;
			buildConfigurations = (
				5C407BBB1D5DB51400741154 /* Debug */,
				5C407BBC1D5DB51400741154 /* Release */,
			);
			defaultConfigurationIsVisible = 0;
			defaultConfigurationName = Release;
		};
		5C407BBD1D5DB51400741154 /* Build configuration list for PBXNativeTarget "DanTangSwiftUITests" */ = {
			isa = XCConfigurationList;
			buildConfigurations = (
				5C407BBE1D5DB51400741154 /* Debug */,
				5C407BBF1D5DB51400741154 /* Release */,
			);
			defaultConfigurationIsVisible = 0;
			defaultConfigurationName = Release;
		};
/* End XCConfigurationList section */
	};
	rootObject = 5C407B871D5DB51400741154 /* Project object */;
}
